
Microsoft Visual Studio Solution File, Format Version 12.00
# Visual Studio Version 17
VisualStudioVersion = 17.5.33424.131
MinimumVisualStudioVersion = 10.0.40219.1
Project("{9A19103F-16F7-4668-BE54-9A1E7A4F7556}") = "connect4", "connect4\connect4.csproj", "{618EA5E7-D73D-469C-8FD2-BD77716AD40C}"
EndProject
Project("{9A19103F-16F7-4668-BE54-9A1E7A4F7556}") = "connect4.library", "connect4.library\connect4.library.csproj", "{F1D143E2-FF6D-4D75-8215-FE7A8B2F95C3}"
EndProject
Project("{9A19103F-16F7-4668-BE54-9A1E7A4F7556}") = "connect4.tests", "connect4.tests\connect4.tests.csproj", "{8DEFBD4F-EC60-4D34-9293-DB21A92C9F94}"
EndProject
Project("{2150E333-8FDC-42A3-9474-1A3956D46DE8}") = "Solution Items", "Solution Items", "{00C4E6A6-22FB-441B-84A3-C0054D340880}"
	ProjectSection(SolutionItems) = preProject
		README.md = README.md
	EndProjectSection
EndProject
Project("{9A19103F-16F7-4668-BE54-9A1E7A4F7556}") = "connect4.runtournament", "connect4.tournament\connect4.runtournament.csproj", "{D7514894-9A3E-457F-A973-13CAE6444BCA}"
EndProject
Project("{9A19103F-16F7-4668-BE54-9A1E7A4F7556}") = "connect4.tournament", "connect4.tournamentrunner\connect4.tournament.csproj", "{679247D9-9666-49F8-8949-F82D180F7FFB}"
EndProject
Global
	GlobalSection(SolutionConfigurationPlatforms) = preSolution
		Debug|Any CPU = Debug|Any CPU
		Release|Any CPU = Release|Any CPU
	EndGlobalSection
	GlobalSection(ProjectConfigurationPlatforms) = postSolution
		{618EA5E7-D73D-469C-8FD2-BD77716AD40C}.Debug|Any CPU.ActiveCfg = Debug|Any CPU
		{618EA5E7-D73D-469C-8FD2-BD77716AD40C}.Debug|Any CPU.Build.0 = Debug|Any CPU
		{618EA5E7-D73D-469C-8FD2-BD77716AD40C}.Release|Any CPU.ActiveCfg = Release|Any CPU
		{618EA5E7-D73D-469C-8FD2-BD77716AD40C}.Release|Any CPU.Build.0 = Release|Any CPU
		{F1D143E2-FF6D-4D75-8215-FE7A8B2F95C3}.Debug|Any CPU.ActiveCfg = Debug|Any CPU
		{F1D143E2-FF6D-4D75-8215-FE7A8B2F95C3}.Debug|Any CPU.Build.0 = Debug|Any CPU
		{F1D143E2-FF6D-4D75-8215-FE7A8B2F95C3}.Release|Any CPU.ActiveCfg = Release|Any CPU
		{F1D143E2-FF6D-4D75-8215-FE7A8B2F95C3}.Release|Any CPU.Build.0 = Release|Any CPU
		{8DEFBD4F-EC60-4D34-9293-DB21A92C9F94}.Debug|Any CPU.ActiveCfg = Debug|Any CPU
		{8DEFBD4F-EC60-4D34-9293-DB21A92C9F94}.Debug|Any CPU.Build.0 = Debug|Any CPU
		{8DEFBD4F-EC60-4D34-9293-DB21A92C9F94}.Release|Any CPU.ActiveCfg = Release|Any CPU
		{8DEFBD4F-EC60-4D34-9293-DB21A92C9F94}.Release|Any CPU.Build.0 = Release|Any CPU
		{D7514894-9A3E-457F-A973-13CAE6444BCA}.Debug|Any CPU.ActiveCfg = Debug|Any CPU
		{D7514894-9A3E-457F-A973-13CAE6444BCA}.Debug|Any CPU.Build.0 = Debug|Any CPU
		{D7514894-9A3E-457F-A973-13CAE6444BCA}.Release|Any CPU.ActiveCfg = Release|Any CPU
		{D7514894-9A3E-457F-A973-13CAE6444BCA}.Release|Any CPU.Build.0 = Release|Any CPU
		{679247D9-9666-49F8-8949-F82D180F7FFB}.Debug|Any CPU.ActiveCfg = Debug|Any CPU
		{679247D9-9666-49F8-8949-F82D180F7FFB}.Debug|Any CPU.Build.0 = Debug|Any CPU
		{679247D9-9666-49F8-8949-F82D180F7FFB}.Release|Any CPU.ActiveCfg = Release|Any CPU
		{679247D9-9666-49F8-8949-F82D180F7FFB}.Release|Any CPU.Build.0 = Release|Any CPU
	EndGlobalSection
	GlobalSection(SolutionProperties) = preSolution
		HideSolutionNode = FALSE
	EndGlobalSection
	GlobalSection(ExtensibilityGlobals) = postSolution
		SolutionGuid = {CEDDDF2F-CCCC-47FC-BB3A-A10EDCD7E1F7}
	EndGlobalSection
EndGlobal
